{
  "originHash" : "ec2978cd9d7fb110a64e6c6e9625e46db2d165d91df1b86053945b207e83e83b",
  "pins" : [
    {
      "identity" : "cryptoswift",
      "kind" : "remoteSourceControl",
      "location" : "https://github.com/krzyzanowskim/CryptoSwift.git",
      "state" : {
        "revision" : "729e01bc9b9dab466ac85f21fb9ee2bc1c61b258",
        "version" : "1.8.4"
      }
    },
    {
      "identity" : "ed25519swift",
      "kind" : "remoteSourceControl",
      "location" : "https://github.com/pebble8888/ed25519swift.git",
      "state" : {
        "revision" : "1e821f5516049f5b83aca8cb3b982910cf8c028c",
        "version" : "1.2.8"
      }
    }
  ],
  "version" : 3
}
